
Microsoft Visual Studio Solution File, Format Version 12.00
# Visual Studio 15
VisualStudioVersion = 15.0.28010.2026
MinimumVisualStudioVersion = 10.0.40219.1
Project("{9A19103F-16F7-4668-BE54-9A1E7A4F7556}") = "CursoOnline.Dominio", "src\CursoOnline.Dominio\CursoOnline.Dominio.csproj", "{FACE2F59-B3D2-4A75-9C70-542DB22DA1CA}"
EndProject
Project("{9A19103F-16F7-4668-BE54-9A1E7A4F7556}") = "CursoOnline.Dominio.Test", "test\CursoOnline.Dominio.Test\CursoOnline.Dominio.Test.csproj", "{BD962C51-9733-418E-809E-CAB2D86EE8FF}"
EndProject
Global
	GlobalSection(SolutionConfigurationPlatforms) = preSolution
		Debug|Any CPU = Debug|Any CPU
		Release|Any CPU = Release|Any CPU
	EndGlobalSection
	GlobalSection(ProjectConfigurationPlatforms) = postSolution
		{FACE2F59-B3D2-4A75-9C70-542DB22DA1CA}.Debug|Any CPU.ActiveCfg = Debug|Any CPU
		{FACE2F59-B3D2-4A75-9C70-542DB22DA1CA}.Debug|Any CPU.Build.0 = Debug|Any CPU
		{FACE2F59-B3D2-4A75-9C70-542DB22DA1CA}.Release|Any CPU.ActiveCfg = Release|Any CPU
		{FACE2F59-B3D2-4A75-9C70-542DB22DA1CA}.Release|Any CPU.Build.0 = Release|Any CPU
		{BD962C51-9733-418E-809E-CAB2D86EE8FF}.Debug|Any CPU.ActiveCfg = Debug|Any CPU
		{BD962C51-9733-418E-809E-CAB2D86EE8FF}.Debug|Any CPU.Build.0 = Debug|Any CPU
		{BD962C51-9733-418E-809E-CAB2D86EE8FF}.Release|Any CPU.ActiveCfg = Release|Any CPU
		{BD962C51-9733-418E-809E-CAB2D86EE8FF}.Release|Any CPU.Build.0 = Release|Any CPU
	EndGlobalSection
	GlobalSection(SolutionProperties) = preSolution
		HideSolutionNode = FALSE
	EndGlobalSection
	GlobalSection(ExtensibilityGlobals) = postSolution
		SolutionGuid = {E9F914A0-B495-43ED-878A-15E6CC5960A9}
	EndGlobalSection
EndGlobal
